
Microsoft Visual Studio Solution File, Format Version 12.00
# Visual Studio Version 16
VisualStudioVersion = 16.0.30204.135
MinimumVisualStudioVersion = 10.0.40219.1
Project("{FAE04EC0-301F-11D3-BF4B-00C04F79EFBC}") = "FormRecognizerConsole", "..\FormRecognizer2\FormRecognizerConsole.csproj", "{C3DA0EE4-1A27-4383-B3E6-5CCD5E92F7C8}"
EndProject
Project("{FAE04EC0-301F-11D3-BF4B-00C04F79EFBC}") = "FormRecognizerWinform", "..\FormRecognizerWinform\FormRecognizerWinform.csproj", "{ACA2FA4B-0B2D-4D51-AA74-1F6C77BDE9B5}"
EndProject
Project("{FAE04EC0-301F-11D3-BF4B-00C04F79EFBC}") = "Common", "..\Common\Common.csproj", "{52EC9BE9-76E4-4667-9295-535B983665B1}"
EndProject
Global
	GlobalSection(SolutionConfigurationPlatforms) = preSolution
		Debug|Any CPU = Debug|Any CPU
		Release|Any CPU = Release|Any CPU
	EndGlobalSection
	GlobalSection(ProjectConfigurationPlatforms) = postSolution
		{C3DA0EE4-1A27-4383-B3E6-5CCD5E92F7C8}.Debug|Any CPU.ActiveCfg = Debug|Any CPU
		{C3DA0EE4-1A27-4383-B3E6-5CCD5E92F7C8}.Debug|Any CPU.Build.0 = Debug|Any CPU
		{C3DA0EE4-1A27-4383-B3E6-5CCD5E92F7C8}.Release|Any CPU.ActiveCfg = Release|Any CPU
		{C3DA0EE4-1A27-4383-B3E6-5CCD5E92F7C8}.Release|Any CPU.Build.0 = Release|Any CPU
		{ACA2FA4B-0B2D-4D51-AA74-1F6C77BDE9B5}.Debug|Any CPU.ActiveCfg = Debug|Any CPU
		{ACA2FA4B-0B2D-4D51-AA74-1F6C77BDE9B5}.Debug|Any CPU.Build.0 = Debug|Any CPU
		{ACA2FA4B-0B2D-4D51-AA74-1F6C77BDE9B5}.Release|Any CPU.ActiveCfg = Release|Any CPU
		{ACA2FA4B-0B2D-4D51-AA74-1F6C77BDE9B5}.Release|Any CPU.Build.0 = Release|Any CPU
		{52EC9BE9-76E4-4667-9295-535B983665B1}.Debug|Any CPU.ActiveCfg = Debug|Any CPU
		{52EC9BE9-76E4-4667-9295-535B983665B1}.Debug|Any CPU.Build.0 = Debug|Any CPU
		{52EC9BE9-76E4-4667-9295-535B983665B1}.Release|Any CPU.ActiveCfg = Release|Any CPU
		{52EC9BE9-76E4-4667-9295-535B983665B1}.Release|Any CPU.Build.0 = Release|Any CPU
	EndGlobalSection
	GlobalSection(SolutionProperties) = preSolution
		HideSolutionNode = FALSE
	EndGlobalSection
	GlobalSection(ExtensibilityGlobals) = postSolution
		SolutionGuid = {A20C50F9-8818-4C1F-B83D-A3B2179B45FC}
	EndGlobalSection
EndGlobal
